
Microsoft Visual Studio Solution File, Format Version 12.00
# Visual Studio Version 17
VisualStudioVersion = 17.11.35208.52
MinimumVisualStudioVersion = 10.0.40219.1
Project("{FAE04EC0-301F-11D3-BF4B-00C04F79EFBC}") = "Animals.Lib", "Animals.Lib\Animals.Lib.csproj", "{313F811E-41E2-479E-BC5B-1AE526A4545F}"
EndProject
Project("{FAE04EC0-301F-11D3-BF4B-00C04F79EFBC}") = "Animals.Lib2", "..\Animals.Lib2\Animals.Lib2.csproj", "{C26700BB-B144-4212-842E-ED69EEB7B33C}"
EndProject
Global
	GlobalSection(SolutionConfigurationPlatforms) = preSolution
		Debug|Any CPU = Debug|Any CPU
		Release|Any CPU = Release|Any CPU
	EndGlobalSection
	GlobalSection(ProjectConfigurationPlatforms) = postSolution
		{313F811E-41E2-479E-BC5B-1AE526A4545F}.Debug|Any CPU.ActiveCfg = Debug|Any CPU
		{313F811E-41E2-479E-BC5B-1AE526A4545F}.Debug|Any CPU.Build.0 = Debug|Any CPU
		{313F811E-41E2-479E-BC5B-1AE526A4545F}.Release|Any CPU.ActiveCfg = Release|Any CPU
		{313F811E-41E2-479E-BC5B-1AE526A4545F}.Release|Any CPU.Build.0 = Release|Any CPU
		{C26700BB-B144-4212-842E-ED69EEB7B33C}.Debug|Any CPU.ActiveCfg = Debug|Any CPU
		{C26700BB-B144-4212-842E-ED69EEB7B33C}.Debug|Any CPU.Build.0 = Debug|Any CPU
		{C26700BB-B144-4212-842E-ED69EEB7B33C}.Release|Any CPU.ActiveCfg = Release|Any CPU
		{C26700BB-B144-4212-842E-ED69EEB7B33C}.Release|Any CPU.Build.0 = Release|Any CPU
	EndGlobalSection
	GlobalSection(SolutionProperties) = preSolution
		HideSolutionNode = FALSE
	EndGlobalSection
	GlobalSection(ExtensibilityGlobals) = postSolution
		SolutionGuid = {F6D62A69-22FD-4E35-A356-2EA40E541888}
	EndGlobalSection
EndGlobal
