
Microsoft Visual Studio Solution File, Format Version 12.00
# Visual Studio Version 17
VisualStudioVersion = 17.11.35208.52
MinimumVisualStudioVersion = 10.0.40219.1
Project("{FAE04EC0-301F-11D3-BF4B-00C04F79EFBC}") = "HelloGeneric", "HelloGeneric\HelloGeneric.csproj", "{EE4BBF3D-32E1-4EDA-A0F8-CC14B1FF3895}"
EndProject
Global
	GlobalSection(SolutionConfigurationPlatforms) = preSolution
		Debug|Any CPU = Debug|Any CPU
		Release|Any CPU = Release|Any CPU
	EndGlobalSection
	GlobalSection(ProjectConfigurationPlatforms) = postSolution
		{EE4BBF3D-32E1-4EDA-A0F8-CC14B1FF3895}.Debug|Any CPU.ActiveCfg = Debug|Any CPU
		{EE4BBF3D-32E1-4EDA-A0F8-CC14B1FF3895}.Debug|Any CPU.Build.0 = Debug|Any CPU
		{EE4BBF3D-32E1-4EDA-A0F8-CC14B1FF3895}.Release|Any CPU.ActiveCfg = Release|Any CPU
		{EE4BBF3D-32E1-4EDA-A0F8-CC14B1FF3895}.Release|Any CPU.Build.0 = Release|Any CPU
	EndGlobalSection
	GlobalSection(SolutionProperties) = preSolution
		HideSolutionNode = FALSE
	EndGlobalSection
	GlobalSection(ExtensibilityGlobals) = postSolution
		SolutionGuid = {EC9A0B76-677F-4666-AB31-D6E5925C787D}
	EndGlobalSection
EndGlobal
